// !$*UTF8*$!
{
	archiveVersion = 1;
	classes = {
	};
	objectVersion = 56;
	objects = {

/* Begin PBXBuildFile section */
		AC56A3B729C9BDDA00B4DCA1 /* split_billApp.swift in Sources */ = {isa = PBXBuildFile; fileRef = AC56A3B629C9BDDA00B4DCA1 /* split_billApp.swift */; };
		AC56A3B929C9BDDA00B4DCA1 /* ContentView.swift in Sources */ = {isa = PBXBuildFile; fileRef = AC56A3B829C9BDDA00B4DCA1 /* ContentView.swift */; };
		AC56A3BB29C9BDDB00B4DCA1 /* Assets.xcassets in Resources */ = {isa = PBXBuildFile; fileRef = AC56A3BA29C9BDDB00B4DCA1 /* Assets.xcassets */; };
		AC56A3BE29C9BDDB00B4DCA1 /* Preview Assets.xcassets in Resources */ = {isa = PBXBuildFile; fileRef = AC56A3BD29C9BDDB00B4DCA1 /* Preview Assets.xcassets */; };
		AC56A3C829C9BDDB00B4DCA1 /* split_billTests.swift in Sources */ = {isa = PBXBuildFile; fileRef = AC56A3C729C9BDDB00B4DCA1 /* split_billTests.swift */; };
		AC56A3D229C9BDDB00B4DCA1 /* split_billUITests.swift in Sources */ = {isa = PBXBuildFile; fileRef = AC56A3D129C9BDDB00B4DCA1 /* split_billUITests.swift */; };
		AC56A3D429C9BDDB00B4DCA1 /* split_billUITestsLaunchTests.swift in Sources */ = {isa = PBXBuildFile; fileRef = AC56A3D329C9BDDB00B4DCA1 /* split_billUITestsLaunchTests.swift */; };
/* End PBXBuildFile section */

/* Begin PBXContainerItemProxy section */
		AC56A3C429C9BDDB00B4DCA1 /* PBXContainerItemProxy */ = {
			isa = PBXContainerItemProxy;
			containerPortal = AC56A3AB29C9BDD900B4DCA1 /* Project object */;
			proxyType = 1;
			remoteGlobalIDString = AC56A3B229C9BDDA00B4DCA1;
			remoteInfo = "split-bill";
		};
		AC56A3CE29C9BDDB00B4DCA1 /* PBXContainerItemProxy */ = {
			isa = PBXContainerItemProxy;
			containerPortal = AC56A3AB29C9BDD900B4DCA1 /* Project object */;
			proxyType = 1;
			remoteGlobalIDString = AC56A3B229C9BDDA00B4DCA1;
			remoteInfo = "split-bill";
		};
/* End PBXContainerItemProxy section */

/* Begin PBXFileReference section */
		AC56A3B329C9BDDA00B4DCA1 /* split-bill.app */ = {isa = PBXFileReference; explicitFileType = wrapper.application; includeInIndex = 0; path = "split-bill.app"; sourceTree = BUILT_PRODUCTS_DIR; };
		AC56A3B629C9BDDA00B4DCA1 /* split_billApp.swift */ = {isa = PBXFileReference; lastKnownFileType = sourcecode.swift; path = split_billApp.swift; sourceTree = "<group>"; };
		AC56A3B829C9BDDA00B4DCA1 /* ContentView.swift */ = {isa = PBXFileReference; lastKnownFileType = sourcecode.swift; path = ContentView.swift; sourceTree = "<group>"; };
		AC56A3BA29C9BDDB00B4DCA1 /* Assets.xcassets */ = {isa = PBXFileReference; lastKnownFileType = folder.assetcatalog; path = Assets.xcassets; sourceTree = "<group>"; };
		AC56A3BD29C9BDDB00B4DCA1 /* Preview Assets.xcassets */ = {isa = PBXFileReference; lastKnownFileType = folder.assetcatalog; path = "Preview Assets.xcassets"; sourceTree = "<group>"; };
		AC56A3C329C9BDDB00B4DCA1 /* split-billTests.xctest */ = {isa = PBXFileReference; explicitFileType = wrapper.cfbundle; includeInIndex = 0; path = "split-billTests.xctest"; sourceTree = BUILT_PRODUCTS_DIR; };
		AC56A3C729C9BDDB00B4DCA1 /* split_billTests.swift */ = {isa = PBXFileReference; lastKnownFileType = sourcecode.swift; path = split_billTests.swift; sourceTree = "<group>"; };
		AC56A3CD29C9BDDB00B4DCA1 /* split-billUITests.xctest */ = {isa = PBXFileReference; explicitFileType = wrapper.cfbundle; includeInIndex = 0; path = "split-billUITests.xctest"; sourceTree = BUILT_PRODUCTS_DIR; };
		AC56A3D129C9BDDB00B4DCA1 /* split_billUITests.swift */ = {isa = PBXFileReference; lastKnownFileType = sourcecode.swift; path = split_billUITests.swift; sourceTree = "<group>"; };
		AC56A3D329C9BDDB00B4DCA1 /* split_billUITestsLaunchTests.swift */ = {isa = PBXFileReference; lastKnownFileType = sourcecode.swift; path = split_billUITestsLaunchTests.swift; sourceTree = "<group>"; };
/* End PBXFileReference section */

/* Begin PBXFrameworksBuildPhase section */
		AC56A3B029C9BDDA00B4DCA1 /* Frameworks */ = {
			isa = PBXFrameworksBuildPhase;
			buildActionMask = 2147483647;
			files = (
			);
			runOnlyForDeploymentPostprocessing = 0;
		};
		AC56A3C029C9BDDB00B4DCA1 /* Frameworks */ = {
			isa = PBXFrameworksBuildPhase;
			buildActionMask = 2147483647;
			files = (
			);
			runOnlyForDeploymentPostprocessing = 0;
		};
		AC56A3CA29C9BDDB00B4DCA1 /* Frameworks */ = {
			isa = PBXFrameworksBuildPhase;
			buildActionMask = 2147483647;
			files = (
			);
			runOnlyForDeploymentPostprocessing = 0;
		};
/* End PBXFrameworksBuildPhase section */

/* Begin PBXGroup section */
		AC56A3AA29C9BDD900B4DCA1 = {
			isa = PBXGroup;
			children = (
				AC56A3B529C9BDDA00B4DCA1 /* split-bill */,
				AC56A3C629C9BDDB00B4DCA1 /* split-billTests */,
				AC56A3D029C9BDDB00B4DCA1 /* split-billUITests */,
				AC56A3B429C9BDDA00B4DCA1 /* Products */,
			);
			sourceTree = "<group>";
		};
		AC56A3B429C9BDDA00B4DCA1 /* Products */ = {
			isa = PBXGroup;
			children = (
				AC56A3B329C9BDDA00B4DCA1 /* split-bill.app */,
				AC56A3C329C9BDDB00B4DCA1 /* split-billTests.xctest */,
				AC56A3CD29C9BDDB00B4DCA1 /* split-billUITests.xctest */,
			);
			name = Products;
			sourceTree = "<group>";
		};
		AC56A3B529C9BDDA00B4DCA1 /* split-bill */ = {
			isa = PBXGroup;
			children = (
				AC56A3B629C9BDDA00B4DCA1 /* split_billApp.swift */,
				AC56A3B829C9BDDA00B4DCA1 /* ContentView.swift */,
				AC56A3BA29C9BDDB00B4DCA1 /* Assets.xcassets */,
				AC56A3BC29C9BDDB00B4DCA1 /* Preview Content */,
			);
			path = "split-bill";
			sourceTree = "<group>";
		};
		AC56A3BC29C9BDDB00B4DCA1 /* Preview Content */ = {
			isa = PBXGroup;
			children = (
				AC56A3BD29C9BDDB00B4DCA1 /* Preview Assets.xcassets */,
			);
			path = "Preview Content";
			sourceTree = "<group>";
		};
		AC56A3C629C9BDDB00B4DCA1 /* split-billTests */ = {
			isa = PBXGroup;
			children = (
				AC56A3C729C9BDDB00B4DCA1 /* split_billTests.swift */,
			);
			path = "split-billTests";
			sourceTree = "<group>";
		};
		AC56A3D029C9BDDB00B4DCA1 /* split-billUITests */ = {
			isa = PBXGroup;
			children = (
				AC56A3D129C9BDDB00B4DCA1 /* split_billUITests.swift */,
				AC56A3D329C9BDDB00B4DCA1 /* split_billUITestsLaunchTests.swift */,
			);
			path = "split-billUITests";
			sourceTree = "<group>";
		};
/* End PBXGroup section */

/* Begin PBXNativeTarget section */
		AC56A3B229C9BDDA00B4DCA1 /* split-bill */ = {
			isa = PBXNativeTarget;
			buildConfigurationList = AC56A3D729C9BDDB00B4DCA1 /* Build configuration list for PBXNativeTarget "split-bill" */;
			buildPhases = (
				AC56A3AF29C9BDDA00B4DCA1 /* Sources */,
				AC56A3B029C9BDDA00B4DCA1 /* Frameworks */,
				AC56A3B129C9BDDA00B4DCA1 /* Resources */,
			);
			buildRules = (
			);
			dependencies = (
			);
			name = "split-bill";
			productName = "split-bill";
			productReference = AC56A3B329C9BDDA00B4DCA1 /* split-bill.app */;
			productType = "com.apple.product-type.application";
		};
		AC56A3C229C9BDDB00B4DCA1 /* split-billTests */ = {
			isa = PBXNativeTarget;
			buildConfigurationList = AC56A3DA29C9BDDB00B4DCA1 /* Build configuration list for PBXNativeTarget "split-billTests" */;
			buildPhases = (
				AC56A3BF29C9BDDB00B4DCA1 /* Sources */,
				AC56A3C029C9BDDB00B4DCA1 /* Frameworks */,
				AC56A3C129C9BDDB00B4DCA1 /* Resources */,
			);
			buildRules = (
			);
			dependencies = (
				AC56A3C529C9BDDB00B4DCA1 /* PBXTargetDependency */,
			);
			name = "split-billTests";
			productName = "split-billTests";
			productReference = AC56A3C329C9BDDB00B4DCA1 /* split-billTests.xctest */;
			productType = "com.apple.product-type.bundle.unit-test";
		};
		AC56A3CC29C9BDDB00B4DCA1 /* split-billUITests */ = {
			isa = PBXNativeTarget;
			buildConfigurationList = AC56A3DD29C9BDDB00B4DCA1 /* Build configuration list for PBXNativeTarget "split-billUITests" */;
			buildPhases = (
				AC56A3C929C9BDDB00B4DCA1 /* Sources */,
				AC56A3CA29C9BDDB00B4DCA1 /* Frameworks */,
				AC56A3CB29C9BDDB00B4DCA1 /* Resources */,
			);
			buildRules = (
			);
			dependencies = (
				AC56A3CF29C9BDDB00B4DCA1 /* PBXTargetDependency */,
			);
			name = "split-billUITests";
			productName = "split-billUITests";
			productReference = AC56A3CD29C9BDDB00B4DCA1 /* split-billUITests.xctest */;
			productType = "com.apple.product-type.bundle.ui-testing";
		};
/* End PBXNativeTarget section */

/* Begin PBXProject section */
		AC56A3AB29C9BDD900B4DCA1 /* Project object */ = {
			isa = PBXProject;
			attributes = {
				BuildIndependentTargetsInParallel = 1;
				LastSwiftUpdateCheck = 1420;
				LastUpgradeCheck = 1420;
				TargetAttributes = {
					AC56A3B229C9BDDA00B4DCA1 = {
						CreatedOnToolsVersion = 14.2;
					};
					AC56A3C229C9BDDB00B4DCA1 = {
						CreatedOnToolsVersion = 14.2;
						TestTargetID = AC56A3B229C9BDDA00B4DCA1;
					};
					AC56A3CC29C9BDDB00B4DCA1 = {
						CreatedOnToolsVersion = 14.2;
						TestTargetID = AC56A3B229C9BDDA00B4DCA1;
					};
				};
			};
			buildConfigurationList = AC56A3AE29C9BDD900B4DCA1 /* Build configuration list for PBXProject "split-bill" */;
			compatibilityVersion = "Xcode 14.0";
			developmentRegion = en;
			hasScannedForEncodings = 0;
			knownRegions = (
				en,
				Base,
			);
			mainGroup = AC56A3AA29C9BDD900B4DCA1;
			productRefGroup = AC56A3B429C9BDDA00B4DCA1 /* Products */;
			projectDirPath = "";
			projectRoot = "";
			targets = (
				AC56A3B229C9BDDA00B4DCA1 /* split-bill */,
				AC56A3C229C9BDDB00B4DCA1 /* split-billTests */,
				AC56A3CC29C9BDDB00B4DCA1 /* split-billUITests */,
			);
		};
/* End PBXProject section */

/* Begin PBXResourcesBuildPhase section */
		AC56A3B129C9BDDA00B4DCA1 /* Resources */ = {
			isa = PBXResourcesBuildPhase;
			buildActionMask = 2147483647;
			files = (
				AC56A3BE29C9BDDB00B4DCA1 /* Preview Assets.xcassets in Resources */,
				AC56A3BB29C9BDDB00B4DCA1 /* Assets.xcassets in Resources */,
			);
			runOnlyForDeploymentPostprocessing = 0;
		};
		AC56A3C129C9BDDB00B4DCA1 /* Resources */ = {
			isa = PBXResourcesBuildPhase;
			buildActionMask = 2147483647;
			files = (
			);
			runOnlyForDeploymentPostprocessing = 0;
		};
		AC56A3CB29C9BDDB00B4DCA1 /* Resources */ = {
			isa = PBXResourcesBuildPhase;
			buildActionMask = 2147483647;
			files = (
			);
			runOnlyForDeploymentPostprocessing = 0;
		};
/* End PBXResourcesBuildPhase section */

/* Begin PBXSourcesBuildPhase section */
		AC56A3AF29C9BDDA00B4DCA1 /* Sources */ = {
			isa = PBXSourcesBuildPhase;
			buildActionMask = 2147483647;
			files = (
				AC56A3B929C9BDDA00B4DCA1 /* ContentView.swift in Sources */,
				AC56A3B729C9BDDA00B4DCA1 /* split_billApp.swift in Sources */,
			);
			runOnlyForDeploymentPostprocessing = 0;
		};
		AC56A3BF29C9BDDB00B4DCA1 /* Sources */ = {
			isa = PBXSourcesBuildPhase;
			buildActionMask = 2147483647;
			files = (
				AC56A3C829C9BDDB00B4DCA1 /* split_billTests.swift in Sources */,
			);
			runOnlyForDeploymentPostprocessing = 0;
		};
		AC56A3C929C9BDDB00B4DCA1 /* Sources */ = {
			isa = PBXSourcesBuildPhase;
			buildActionMask = 2147483647;
			files = (
				AC56A3D429C9BDDB00B4DCA1 /* split_billUITestsLaunchTests.swift in Sources */,
				AC56A3D229C9BDDB00B4DCA1 /* split_billUITests.swift in Sources */,
			);
			runOnlyForDeploymentPostprocessing = 0;
		};
/* End PBXSourcesBuildPhase section */

/* Begin PBXTargetDependency section */
		AC56A3C529C9BDDB00B4DCA1 /* PBXTargetDependency */ = {
			isa = PBXTargetDependency;
			target = AC56A3B229C9BDDA00B4DCA1 /* split-bill */;
			targetProxy = AC56A3C429C9BDDB00B4DCA1 /* PBXContainerItemProxy */;
		};
		AC56A3CF29C9BDDB00B4DCA1 /* PBXTargetDependency */ = {
			isa = PBXTargetDependency;
			target = AC56A3B229C9BDDA00B4DCA1 /* split-bill */;
			targetProxy = AC56A3CE29C9BDDB00B4DCA1 /* PBXContainerItemProxy */;
		};
/* End PBXTargetDependency section */

/* Begin XCBuildConfiguration section */
		AC56A3D529C9BDDB00B4DCA1 /* Debug */ = {
			isa = XCBuildConfiguration;
			buildSettings = {
				ALWAYS_SEARCH_USER_PATHS = NO;
				CLANG_ANALYZER_NONNULL = YES;
				CLANG_ANALYZER_NUMBER_OBJECT_CONVERSION = YES_AGGRESSIVE;
				CLANG_CXX_LANGUAGE_STANDARD = "gnu++20";
				CLANG_ENABLE_MODULES = YES;
				CLANG_ENABLE_OBJC_ARC = YES;
				CLANG_ENABLE_OBJC_WEAK = YES;
				CLANG_WARN_BLOCK_CAPTURE_AUTORELEASING = YES;
				CLANG_WARN_BOOL_CONVERSION = YES;
				CLANG_WARN_COMMA = YES;
				CLANG_WARN_CONSTANT_CONVERSION = YES;
				CLANG_WARN_DEPRECATED_OBJC_IMPLEMENTATIONS = YES;
				CLANG_WARN_DIRECT_OBJC_ISA_USAGE = YES_ERROR;
				CLANG_WARN_DOCUMENTATION_COMMENTS = YES;
				CLANG_WARN_EMPTY_BODY = YES;
				CLANG_WARN_ENUM_CONVERSION = YES;
				CLANG_WARN_INFINITE_RECURSION = YES;
				CLANG_WARN_INT_CONVERSION = YES;
				CLANG_WARN_NON_LITERAL_NULL_CONVERSION = YES;
				CLANG_WARN_OBJC_IMPLICIT_RETAIN_SELF = YES;
				CLANG_WARN_OBJC_LITERAL_CONVERSION = YES;
				CLANG_WARN_OBJC_ROOT_CLASS = YES_ERROR;
				CLANG_WARN_QUOTED_INCLUDE_IN_FRAMEWORK_HEADER = YES;
				CLANG_WARN_RANGE_LOOP_ANALYSIS = YES;
				CLANG_WARN_STRICT_PROTOTYPES = YES;
				CLANG_WARN_SUSPICIOUS_MOVE = YES;
				CLANG_WARN_UNGUARDED_AVAILABILITY = YES_AGGRESSIVE;
				CLANG_WARN_UNREACHABLE_CODE = YES;
				CLANG_WARN__DUPLICATE_METHOD_MATCH = YES;
				COPY_PHASE_STRIP = NO;
				DEBUG_INFORMATION_FORMAT = dwarf;
				ENABLE_STRICT_OBJC_MSGSEND = YES;
				ENABLE_TESTABILITY = YES;
				GCC_C_LANGUAGE_STANDARD = gnu11;
				GCC_DYNAMIC_NO_PIC = NO;
				GCC_NO_COMMON_BLOCKS = YES;
				GCC_OPTIMIZATION_LEVEL = 0;
				GCC_PREPROCESSOR_DEFINITIONS = (
					"DEBUG=1",
					"$(inherited)",
				);
				GCC_WARN_64_TO_32_BIT_CONVERSION = YES;
				GCC_WARN_ABOUT_RETURN_TYPE = YES_ERROR;
				GCC_WARN_UNDECLARED_SELECTOR = YES;
				GCC_WARN_UNINITIALIZED_AUTOS = YES_AGGRESSIVE;
				GCC_WARN_UNUSED_FUNCTION = YES;
				GCC_WARN_UNUSED_VARIABLE = YES;
				IPHONEOS_DEPLOYMENT_TARGET = 16.2;
				MTL_ENABLE_DEBUG_INFO = INCLUDE_SOURCE;
				MTL_FAST_MATH = YES;
				ONLY_ACTIVE_ARCH = YES;
				SDKROOT = iphoneos;
				SWIFT_ACTIVE_COMPILATION_CONDITIONS = DEBUG;
				SWIFT_OPTIMIZATION_LEVEL = "-Onone";
			};
			name = Debug;
		};
		AC56A3D629C9BDDB00B4DCA1 /* Release */ = {
			isa = XCBuildConfiguration;
			buildSettings = {
				ALWAYS_SEARCH_USER_PATHS = NO;
				CLANG_ANALYZER_NONNULL = YES;
				CLANG_ANALYZER_NUMBER_OBJECT_CONVERSION = YES_AGGRESSIVE;
				CLANG_CXX_LANGUAGE_STANDARD = "gnu++20";
				CLANG_ENABLE_MODULES = YES;
				CLANG_ENABLE_OBJC_ARC = YES;
				CLANG_ENABLE_OBJC_WEAK = YES;
				CLANG_WARN_BLOCK_CAPTURE_AUTORELEASING = YES;
				CLANG_WARN_BOOL_CONVERSION = YES;
				CLANG_WARN_COMMA = YES;
				CLANG_WARN_CONSTANT_CONVERSION = YES;
				CLANG_WARN_DEPRECATED_OBJC_IMPLEMENTATIONS = YES;
				CLANG_WARN_DIRECT_OBJC_ISA_USAGE = YES_ERROR;
				CLANG_WARN_DOCUMENTATION_COMMENTS = YES;
				CLANG_WARN_EMPTY_BODY = YES;
				CLANG_WARN_ENUM_CONVERSION = YES;
				CLANG_WARN_INFINITE_RECURSION = YES;
				CLANG_WARN_INT_CONVERSION = YES;
				CLANG_WARN_NON_LITERAL_NULL_CONVERSION = YES;
				CLANG_WARN_OBJC_IMPLICIT_RETAIN_SELF = YES;
				CLANG_WARN_OBJC_LITERAL_CONVERSION = YES;
				CLANG_WARN_OBJC_ROOT_CLASS = YES_ERROR;
				CLANG_WARN_QUOTED_INCLUDE_IN_FRAMEWORK_HEADER = YES;
				CLANG_WARN_RANGE_LOOP_ANALYSIS = YES;
				CLANG_WARN_STRICT_PROTOTYPES = YES;
				CLANG_WARN_SUSPICIOUS_MOVE = YES;
				CLANG_WARN_UNGUARDED_AVAILABILITY = YES_AGGRESSIVE;
				CLANG_WARN_UNREACHABLE_CODE = YES;
				CLANG_WARN__DUPLICATE_METHOD_MATCH = YES;
				COPY_PHASE_STRIP = NO;
				DEBUG_INFORMATION_FORMAT = "dwarf-with-dsym";
				ENABLE_NS_ASSERTIONS = NO;
				ENABLE_STRICT_OBJC_MSGSEND = YES;
				GCC_C_LANGUAGE_STANDARD = gnu11;
				GCC_NO_COMMON_BLOCKS = YES;
				GCC_WARN_64_TO_32_BIT_CONVERSION = YES;
				GCC_WARN_ABOUT_RETURN_TYPE = YES_ERROR;
				GCC_WARN_UNDECLARED_SELECTOR = YES;
				GCC_WARN_UNINITIALIZED_AUTOS = YES_AGGRESSIVE;
				GCC_WARN_UNUSED_FUNCTION = YES;
				GCC_WARN_UNUSED_VARIABLE = YES;
				IPHONEOS_DEPLOYMENT_TARGET = 16.2;
				MTL_ENABLE_DEBUG_INFO = NO;
				MTL_FAST_MATH = YES;
				SDKROOT = iphoneos;
				SWIFT_COMPILATION_MODE = wholemodule;
				SWIFT_OPTIMIZATION_LEVEL = "-O";
				VALIDATE_PRODUCT = YES;
			};
			name = Release;
		};
		AC56A3D829C9BDDB00B4DCA1 /* Debug */ = {
			isa = XCBuildConfiguration;
			buildSettings = {
				ASSETCATALOG_COMPILER_APPICON_NAME = AppIcon;
				ASSETCATALOG_COMPILER_GLOBAL_ACCENT_COLOR_NAME = AccentColor;
				CODE_SIGN_STYLE = Automatic;
				CURRENT_PROJECT_VERSION = 1;
				DEVELOPMENT_ASSET_PATHS = "\"split-bill/Preview Content\"";
				DEVELOPMENT_TEAM = U6NC44T2C6;
				ENABLE_PREVIEWS = YES;
				GENERATE_INFOPLIST_FILE = YES;
				INFOPLIST_KEY_UIApplicationSceneManifest_Generation = YES;
				INFOPLIST_KEY_UIApplicationSupportsIndirectInputEvents = YES;
				INFOPLIST_KEY_UILaunchScreen_Generation = YES;
				INFOPLIST_KEY_UISupportedInterfaceOrientations_iPad = "UIInterfaceOrientationPortrait UIInterfaceOrientationPortraitUpsideDown UIInterfaceOrientationLandscapeLeft UIInterfaceOrientationLandscapeRight";
				INFOPLIST_KEY_UISupportedInterfaceOrientations_iPhone = "UIInterfaceOrientationPortrait UIInterfaceOrientationLandscapeLeft UIInterfaceOrientationLandscapeRight";
				LD_RUNPATH_SEARCH_PATHS = (
					"$(inherited)",
					"@executable_path/Frameworks",
				);
				MARKETING_VERSION = 1.0;
				PRODUCT_BUNDLE_IDENTIFIER = "com.demo.split-bill.split-bill";
				PRODUCT_NAME = "$(TARGET_NAME)";
				SWIFT_EMIT_LOC_STRINGS = YES;
				SWIFT_VERSION = 5.0;
				TARGETED_DEVICE_FAMILY = "1,2";
			};
			name = Debug;
		};
		AC56A3D929C9BDDB00B4DCA1 /* Release */ = {
			isa = XCBuildConfiguration;
			buildSettings = {
				ASSETCATALOG_COMPILER_APPICON_NAME = AppIcon;
				ASSETCATALOG_COMPILER_GLOBAL_ACCENT_COLOR_NAME = AccentColor;
				CODE_SIGN_STYLE = Automatic;
				CURRENT_PROJECT_VERSION = 1;
				DEVELOPMENT_ASSET_PATHS = "\"split-bill/Preview Content\"";
				DEVELOPMENT_TEAM = U6NC44T2C6;
				ENABLE_PREVIEWS = YES;
				GENERATE_INFOPLIST_FILE = YES;
				INFOPLIST_KEY_UIApplicationSceneManifest_Generation = YES;
				INFOPLIST_KEY_UIApplicationSupportsIndirectInputEvents = YES;
				INFOPLIST_KEY_UILaunchScreen_Generation = YES;
				INFOPLIST_KEY_UISupportedInterfaceOrientations_iPad = "UIInterfaceOrientationPortrait UIInterfaceOrientationPortraitUpsideDown UIInterfaceOrientationLandscapeLeft UIInterfaceOrientationLandscapeRight";
				INFOPLIST_KEY_UISupportedInterfaceOrientations_iPhone = "UIInterfaceOrientationPortrait UIInterfaceOrientationLandscapeLeft UIInterfaceOrientationLandscapeRight";
				LD_RUNPATH_SEARCH_PATHS = (
					"$(inherited)",
					"@executable_path/Frameworks",
				);
				MARKETING_VERSION = 1.0;
				PRODUCT_BUNDLE_IDENTIFIER = "com.demo.split-bill.split-bill";
				PRODUCT_NAME = "$(TARGET_NAME)";
				SWIFT_EMIT_LOC_STRINGS = YES;
				SWIFT_VERSION = 5.0;
				TARGETED_DEVICE_FAMILY = "1,2";
			};
			name = Release;
		};
		AC56A3DB29C9BDDB00B4DCA1 /* Debug */ = {
			isa = XCBuildConfiguration;
			buildSettings = {
				ALWAYS_EMBED_SWIFT_STANDARD_LIBRARIES = YES;
				BUNDLE_LOADER = "$(TEST_HOST)";
				CODE_SIGN_STYLE = Automatic;
				CURRENT_PROJECT_VERSION = 1;
				DEVELOPMENT_TEAM = U6NC44T2C6;
				GENERATE_INFOPLIST_FILE = YES;
				IPHONEOS_DEPLOYMENT_TARGET = 16.2;
				MARKETING_VERSION = 1.0;
				PRODUCT_BUNDLE_IDENTIFIER = "com.demo.split-bill.split-billTests";
				PRODUCT_NAME = "$(TARGET_NAME)";
				SWIFT_EMIT_LOC_STRINGS = NO;
				SWIFT_VERSION = 5.0;
				TARGETED_DEVICE_FAMILY = "1,2";
				TEST_HOST = "$(BUILT_PRODUCTS_DIR)/split-bill.app/$(BUNDLE_EXECUTABLE_FOLDER_PATH)/split-bill";
			};
			name = Debug;
		};
		AC56A3DC29C9BDDB00B4DCA1 /* Release */ = {
			isa = XCBuildConfiguration;
			buildSettings = {
				ALWAYS_EMBED_SWIFT_STANDARD_LIBRARIES = YES;
				BUNDLE_LOADER = "$(TEST_HOST)";
				CODE_SIGN_STYLE = Automatic;
				CURRENT_PROJECT_VERSION = 1;
				DEVELOPMENT_TEAM = U6NC44T2C6;
				GENERATE_INFOPLIST_FILE = YES;
				IPHONEOS_DEPLOYMENT_TARGET = 16.2;
				MARKETING_VERSION = 1.0;
				PRODUCT_BUNDLE_IDENTIFIER = "com.demo.split-bill.split-billTests";
				PRODUCT_NAME = "$(TARGET_NAME)";
				SWIFT_EMIT_LOC_STRINGS = NO;
				SWIFT_VERSION = 5.0;
				TARGETED_DEVICE_FAMILY = "1,2";
				TEST_HOST = "$(BUILT_PRODUCTS_DIR)/split-bill.app/$(BUNDLE_EXECUTABLE_FOLDER_PATH)/split-bill";
			};
			name = Release;
		};
		AC56A3DE29C9BDDB00B4DCA1 /* Debug */ = {
			isa = XCBuildConfiguration;
			buildSettings = {
				ALWAYS_EMBED_SWIFT_STANDARD_LIBRARIES = YES;
				CODE_SIGN_STYLE = Automatic;
				CURRENT_PROJECT_VERSION = 1;
				DEVELOPMENT_TEAM = U6NC44T2C6;
				GENERATE_INFOPLIST_FILE = YES;
				MARKETING_VERSION = 1.0;
				PRODUCT_BUNDLE_IDENTIFIER = "com.demo.split-bill.split-billUITests";
				PRODUCT_NAME = "$(TARGET_NAME)";
				SWIFT_EMIT_LOC_STRINGS = NO;
				SWIFT_VERSION = 5.0;
				TARGETED_DEVICE_FAMILY = "1,2";
				TEST_TARGET_NAME = "split-bill";
			};
			name = Debug;
		};
		AC56A3DF29C9BDDB00B4DCA1 /* Release */ = {
			isa = XCBuildConfiguration;
			buildSettings = {
				ALWAYS_EMBED_SWIFT_STANDARD_LIBRARIES = YES;
				CODE_SIGN_STYLE = Automatic;
				CURRENT_PROJECT_VERSION = 1;
				DEVELOPMENT_TEAM = U6NC44T2C6;
				GENERATE_INFOPLIST_FILE = YES;
				MARKETING_VERSION = 1.0;
				PRODUCT_BUNDLE_IDENTIFIER = "com.demo.split-bill.split-billUITests";
				PRODUCT_NAME = "$(TARGET_NAME)";
				SWIFT_EMIT_LOC_STRINGS = NO;
				SWIFT_VERSION = 5.0;
				TARGETED_DEVICE_FAMILY = "1,2";
				TEST_TARGET_NAME = "split-bill";
			};
			name = Release;
		};
/* End XCBuildConfiguration section */

/* Begin XCConfigurationList section */
		AC56A3AE29C9BDD900B4DCA1 /* Build configuration list for PBXProject "split-bill" */ = {
			isa = XCConfigurationList;
			buildConfigurations = (
				AC56A3D529C9BDDB00B4DCA1 /* Debug */,
				AC56A3D629C9BDDB00B4DCA1 /* Release */,
			);
			defaultConfigurationIsVisible = 0;
			defaultConfigurationName = Release;
		};
		AC56A3D729C9BDDB00B4DCA1 /* Build configuration list for PBXNativeTarget "split-bill" */ = {
			isa = XCConfigurationList;
			buildConfigurations = (
				AC56A3D829C9BDDB00B4DCA1 /* Debug */,
				AC56A3D929C9BDDB00B4DCA1 /* Release */,
			);
			defaultConfigurationIsVisible = 0;
			defaultConfigurationName = Release;
		};
		AC56A3DA29C9BDDB00B4DCA1 /* Build configuration list for PBXNativeTarget "split-billTests" */ = {
			isa = XCConfigurationList;
			buildConfigurations = (
				AC56A3DB29C9BDDB00B4DCA1 /* Debug */,
				AC56A3DC29C9BDDB00B4DCA1 /* Release */,
			);
			defaultConfigurationIsVisible = 0;
			defaultConfigurationName = Release;
		};
		AC56A3DD29C9BDDB00B4DCA1 /* Build configuration list for PBXNativeTarget "split-billUITests" */ = {
			isa = XCConfigurationList;
			buildConfigurations = (
				AC56A3DE29C9BDDB00B4DCA1 /* Debug */,
				AC56A3DF29C9BDDB00B4DCA1 /* Release */,
			);
			defaultConfigurationIsVisible = 0;
			defaultConfigurationName = Release;
		};
/* End XCConfigurationList section */
	};
	rootObject = AC56A3AB29C9BDD900B4DCA1 /* Project object */;
}
